
Microsoft Visual Studio Solution File, Format Version 12.00
# Visual Studio Version 16
VisualStudioVersion = 16.0.30114.105
MinimumVisualStudioVersion = 10.0.40219.1
Project("{9A19103F-16F7-4668-BE54-9A1E7A4F7556}") = "HypixelStatsPublic", "HypixelStatsPublic\HypixelStatsPublic.csproj", "{64275EB6-1601-4A8C-BBCF-3A34CF8FA875}"
EndProject
Project("{2150E333-8FDC-42A3-9474-1A3956D46DE8}") = "Solution Items", "Solution Items", "{D0F4A490-63C0-4ECE-88E0-1B461DA78F9D}"
	ProjectSection(SolutionItems) = preProject
		.editorconfig = .editorconfig
	EndProjectSection
EndProject
Global
	GlobalSection(SolutionConfigurationPlatforms) = preSolution
		Debug|Any CPU = Debug|Any CPU
		Release|Any CPU = Release|Any CPU
	EndGlobalSection
	GlobalSection(ProjectConfigurationPlatforms) = postSolution
		{64275EB6-1601-4A8C-BBCF-3A34CF8FA875}.Debug|Any CPU.ActiveCfg = Debug|Any CPU
		{64275EB6-1601-4A8C-BBCF-3A34CF8FA875}.Debug|Any CPU.Build.0 = Debug|Any CPU
		{64275EB6-1601-4A8C-BBCF-3A34CF8FA875}.Release|Any CPU.ActiveCfg = Release|Any CPU
		{64275EB6-1601-4A8C-BBCF-3A34CF8FA875}.Release|Any CPU.Build.0 = Release|Any CPU
	EndGlobalSection
	GlobalSection(SolutionProperties) = preSolution
		HideSolutionNode = FALSE
	EndGlobalSection
	GlobalSection(ExtensibilityGlobals) = postSolution
		SolutionGuid = {1775B77F-C180-424D-8F89-38967401BF3A}
	EndGlobalSection
EndGlobal
